// !$*UTF8*$!
{
	archiveVersion = 1;
	classes = {
	};
	objectVersion = 46;
	objects = {

/* Begin PBXBuildFile section */
		27474BB216FC1EB9006DE40B /* BarTableViewCell.m in Sources */ = {isa = PBXBuildFile; fileRef = 27474BB116FC1EB9006DE40B /* BarTableViewCell.m */; };
		27474BB616FC2BCC006DE40B /* Activity_indicator.png in Resources */ = {isa = PBXBuildFile; fileRef = 27474BB516FC2BCC006DE40B /* Activity_indicator.png */; };
		276932061702A98A00D1727F /* GeoPointAnnotation.m in Sources */ = {isa = PBXBuildFile; fileRef = 276932051702A98A00D1727F /* GeoPointAnnotation.m */; };
		276932081702AA0E00D1727F /* MapKit.framework in Frameworks */ = {isa = PBXBuildFile; fileRef = 276932071702AA0E00D1727F /* MapKit.framework */; };
		2769320B1717C17A00D1727F /* MapViewTabController.m in Sources */ = {isa = PBXBuildFile; fileRef = 2769320A1717C17A00D1727F /* MapViewTabController.m */; };
		27874F3E16FABEEA0072F7F6 /* ListViewTabController.m in Sources */ = {isa = PBXBuildFile; fileRef = 27874F3D16FABEE90072F7F6 /* ListViewTabController.m */; };
		27874F4816FAD2A70072F7F6 /* DetailViewController.m in Sources */ = {isa = PBXBuildFile; fileRef = 27874F4716FAD2A70072F7F6 /* DetailViewController.m */; };
		27E1C79616FA98D6006DE882 /* UIKit.framework in Frameworks */ = {isa = PBXBuildFile; fileRef = 27E1C79516FA98D6006DE882 /* UIKit.framework */; };
		27E1C79816FA98D6006DE882 /* Foundation.framework in Frameworks */ = {isa = PBXBuildFile; fileRef = 27E1C79716FA98D6006DE882 /* Foundation.framework */; };
		27E1C79A16FA98D6006DE882 /* CoreGraphics.framework in Frameworks */ = {isa = PBXBuildFile; fileRef = 27E1C79916FA98D6006DE882 /* CoreGraphics.framework */; };
		27E1C7A016FA98D6006DE882 /* InfoPlist.strings in Resources */ = {isa = PBXBuildFile; fileRef = 27E1C79E16FA98D6006DE882 /* InfoPlist.strings */; };
		27E1C7A216FA98D6006DE882 /* main.m in Sources */ = {isa = PBXBuildFile; fileRef = 27E1C7A116FA98D6006DE882 /* main.m */; };
		27E1C7A616FA98D6006DE882 /* AppDelegate.m in Sources */ = {isa = PBXBuildFile; fileRef = 27E1C7A516FA98D6006DE882 /* AppDelegate.m */; };
		27E1C7A816FA98D6006DE882 /* Default.png in Resources */ = {isa = PBXBuildFile; fileRef = 27E1C7A716FA98D6006DE882 /* Default.png */; };
		27E1C7AA16FA98D6006DE882 /* Default@2x.png in Resources */ = {isa = PBXBuildFile; fileRef = 27E1C7A916FA98D6006DE882 /* Default@2x.png */; };
		27E1C7AC16FA98D6006DE882 /* Default-568h@2x.png in Resources */ = {isa = PBXBuildFile; fileRef = 27E1C7AB16FA98D6006DE882 /* Default-568h@2x.png */; };
		27E1C7AF16FA98D6006DE882 /* MainStoryboard.storyboard in Resources */ = {isa = PBXBuildFile; fileRef = 27E1C7AD16FA98D6006DE882 /* MainStoryboard.storyboard */; };
		27E1C7B916FA991C006DE882 /* Parse.framework in Frameworks */ = {isa = PBXBuildFile; fileRef = 27E1C7B816FA991C006DE882 /* Parse.framework */; };
		27E1C7BB16FA9968006DE882 /* AudioToolbox.framework in Frameworks */ = {isa = PBXBuildFile; fileRef = 27E1C7BA16FA9968006DE882 /* AudioToolbox.framework */; };
		27E1C7BD16FA996E006DE882 /* CFNetwork.framework in Frameworks */ = {isa = PBXBuildFile; fileRef = 27E1C7BC16FA996E006DE882 /* CFNetwork.framework */; };
		27E1C7BF16FA9989006DE882 /* CoreLocation.framework in Frameworks */ = {isa = PBXBuildFile; fileRef = 27E1C7BE16FA9989006DE882 /* CoreLocation.framework */; };
		27E1C7C116FA9994006DE882 /* libz.1.1.3.dylib in Frameworks */ = {isa = PBXBuildFile; fileRef = 27E1C7C016FA9994006DE882 /* libz.1.1.3.dylib */; };
		27E1C7C316FA999C006DE882 /* MobileCoreServices.framework in Frameworks */ = {isa = PBXBuildFile; fileRef = 27E1C7C216FA999C006DE882 /* MobileCoreServices.framework */; };
		27E1C7C516FA99A6006DE882 /* QuartzCore.framework in Frameworks */ = {isa = PBXBuildFile; fileRef = 27E1C7C416FA99A6006DE882 /* QuartzCore.framework */; };
		27E1C7C716FA99AD006DE882 /* Security.framework in Frameworks */ = {isa = PBXBuildFile; fileRef = 27E1C7C616FA99AD006DE882 /* Security.framework */; };
		27E1C7C916FA99B4006DE882 /* StoreKit.framework in Frameworks */ = {isa = PBXBuildFile; fileRef = 27E1C7C816FA99B4006DE882 /* StoreKit.framework */; };
		27E1C7CB16FA99BD006DE882 /* SystemConfiguration.framework in Frameworks */ = {isa = PBXBuildFile; fileRef = 27E1C7CA16FA99BD006DE882 /* SystemConfiguration.framework */; };
		27E1C7CD16FA9B58006DE882 /* AdSupport.framework in Frameworks */ = {isa = PBXBuildFile; fileRef = 27E1C7CC16FA9B58006DE882 /* AdSupport.framework */; settings = {ATTRIBUTES = (Weak, ); }; };
		27E1C7CF16FA9B68006DE882 /* Social.framework in Frameworks */ = {isa = PBXBuildFile; fileRef = 27E1C7CE16FA9B68006DE882 /* Social.framework */; settings = {ATTRIBUTES = (Required, ); }; };
		27E1C7D116FA9B72006DE882 /* Accounts.framework in Frameworks */ = {isa = PBXBuildFile; fileRef = 27E1C7D016FA9B72006DE882 /* Accounts.framework */; };
		27E1C7D716FAA35E006DE882 /* MainTableViewController.m in Sources */ = {isa = PBXBuildFile; fileRef = 27E1C7D616FAA35E006DE882 /* MainTableViewController.m */; };
		869FA84B1718D89F00D20927 /* CustomTarBarController.m in Sources */ = {isa = PBXBuildFile; fileRef = 869FA84A1718D89F00D20927 /* CustomTarBarController.m */; };
		869FA8961718DC2300D20927 /* 327.jpg in Resources */ = {isa = PBXBuildFile; fileRef = 869FA84D1718DC2300D20927 /* 327.jpg */; };
		869FA8971718DC2300D20927 /* 327BraunCourt.jpg in Resources */ = {isa = PBXBuildFile; fileRef = 869FA84E1718DC2300D20927 /* 327BraunCourt.jpg */; };
		869FA8981718DC2300D20927 /* a_iconTypeBeer30@2x.png in Resources */ = {isa = PBXBuildFile; fileRef = 869FA84F1718DC2300D20927 /* a_iconTypeBeer30@2x.png */; };
		869FA8991718DC2300D20927 /* a_iconTypeDeal30@2x.png in Resources */ = {isa = PBXBuildFile; fileRef = 869FA8501718DC2300D20927 /* a_iconTypeDeal30@2x.png */; };
		869FA89A1718DC2300D20927 /* a_iconTypeFood30@2x.png in Resources */ = {isa = PBXBuildFile; fileRef = 869FA8511718DC2300D20927 /* a_iconTypeFood30@2x.png */; };
		869FA89B1718DC2300D20927 /* a_iconTypeLiquor30@2x.png in Resources */ = {isa = PBXBuildFile; fileRef = 869FA8521718DC2300D20927 /* a_iconTypeLiquor30@2x.png */; };
		869FA89C1718DC2300D20927 /* a_iconTypeMartini30@2x.png in Resources */ = {isa = PBXBuildFile; fileRef = 869FA8531718DC2300D20927 /* a_iconTypeMartini30@2x.png */; };
		869FA89D1718DC2300D20927 /* a_iconTypeWine30@2x.png in Resources */ = {isa = PBXBuildFile; fileRef = 869FA8541718DC2300D20927 /* a_iconTypeWine30@2x.png */; };
		869FA89E1718DC2300D20927 /* annotation@2x.png in Resources */ = {isa = PBXBuildFile; fileRef = 869FA8551718DC2300D20927 /* annotation@2x.png */; };
		869FA89F1718DC2300D20927 /* annotation_highlighted@2x.png in Resources */ = {isa = PBXBuildFile; fileRef = 869FA8561718DC2300D20927 /* annotation_highlighted@2x.png */; };
		869FA8A01718DC2300D20927 /* arrow.png in Resources */ = {isa = PBXBuildFile; fileRef = 869FA8571718DC2300D20927 /* arrow.png */; };
		869FA8A11718DC2300D20927 /* BAR LOUIE.jpg in Resources */ = {isa = PBXBuildFile; fileRef = 869FA8581718DC2300D20927 /* BAR LOUIE.jpg */; };
		869FA8A21718DC2300D20927 /* BlueTractor.jpg in Resources */ = {isa = PBXBuildFile; fileRef = 869FA8591718DC2300D20927 /* BlueTractor.jpg */; };
		869FA8A31718DC2300D20927 /* BlueTractor.png in Resources */ = {isa = PBXBuildFile; fileRef = 869FA85A1718DC2300D20927 /* BlueTractor.png */; };
		869FA8A41718DC2300D20927 /* btn-back.png in Resources */ = {isa = PBXBuildFile; fileRef = 869FA85B1718DC2300D20927 /* btn-back.png */; };
		869FA8A51718DC2300D20927 /* btn-back@2x.png in Resources */ = {isa = PBXBuildFile; fileRef = 869FA85C1718DC2300D20927 /* btn-back@2x.png */; };
		869FA8A61718DC2300D20927 /* clock.png in Resources */ = {isa = PBXBuildFile; fileRef = 869FA85D1718DC2300D20927 /* clock.png */; };
		869FA8A71718DC2300D20927 /* club-selected.png in Resources */ = {isa = PBXBuildFile; fileRef = 869FA85E1718DC2300D20927 /* club-selected.png */; };
		869FA8A81718DC2300D20927 /* club.png in Resources */ = {isa = PBXBuildFile; fileRef = 869FA85F1718DC2300D20927 /* club.png */; };
		869FA8A91718DC2300D20927 /* event-selected.png in Resources */ = {isa = PBXBuildFile; fileRef = 869FA8601718DC2300D20927 /* event-selected.png */; };
		869FA8AA1718DC2300D20927 /* event.png in Resources */ = {isa = PBXBuildFile; fileRef = 869FA8611718DC2300D20927 /* event.png */; };
		869FA8AB1718DC2300D20927 /* filter-bg.png in Resources */ = {isa = PBXBuildFile; fileRef = 869FA8621718DC2300D20927 /* filter-bg.png */; };
		869FA8AC1718DC2300D20927 /* filterbox.png in Resources */ = {isa = PBXBuildFile; fileRef = 869FA8631718DC2300D20927 /* filterbox.png */; };
		869FA8AD1718DC2300D20927 /* flag.png in Resources */ = {isa = PBXBuildFile; fileRef = 869FA8641718DC2300D20927 /* flag.png */; };
		869FA8AE1718DC2300D20927 /* lightbox_header_bg.png in Resources */ = {isa = PBXBuildFile; fileRef = 869FA8651718DC2300D20927 /* lightbox_header_bg.png */; };
		869FA8AF1718DC2300D20927 /* line.png in Resources */ = {isa = PBXBuildFile; fileRef = 869FA8661718DC2300D20927 /* line.png */; };
		869FA8B01718DC2300D20927 /* list-selected.png in Resources */ = {isa = PBXBuildFile; fileRef = 869FA8671718DC2300D20927 /* list-selected.png */; };
		869FA8B11718DC2300D20927 /* list.png in Resources */ = {isa = PBXBuildFile; fileRef = 869FA8681718DC2300D20927 /* list.png */; };
		869FA8B21718DC2300D20927 /* location@2x.png in Resources */ = {isa = PBXBuildFile; fileRef = 869FA8691718DC2300D20927 /* location@2x.png */; };
		869FA8B31718DC2300D20927 /* map bg.png in Resources */ = {isa = PBXBuildFile; fileRef = 869FA86A1718DC2300D20927 /* map bg.png */; };
		869FA8B41718DC2300D20927 /* map copy.png in Resources */ = {isa = PBXBuildFile; fileRef = 869FA86B1718DC2300D20927 /* map copy.png */; };
		869FA8B51718DC2300D20927 /* map-btn-bg@2x.png in Resources */ = {isa = PBXBuildFile; fileRef = 869FA86C1718DC2300D20927 /* map-btn-bg@2x.png */; };
		869FA8B61718DC2300D20927 /* map-selected.png in Resources */ = {isa = PBXBuildFile; fileRef = 869FA86D1718DC2300D20927 /* map-selected.png */; };
		869FA8B71718DC2300D20927 /* map.png in Resources */ = {isa = PBXBuildFile; fileRef = 869FA86E1718DC2300D20927 /* map.png */; };
		869FA8B81718DC2300D20927 /* nav44_input.png in Resources */ = {isa = PBXBuildFile; fileRef = 869FA86F1718DC2300D20927 /* nav44_input.png */; };
		869FA8B91718DC2300D20927 /* nav44_input@2x.png in Resources */ = {isa = PBXBuildFile; fileRef = 869FA8701718DC2300D20927 /* nav44_input@2x.png */; };
		869FA8BA1718DC2300D20927 /* nav44_input_bg.png in Resources */ = {isa = PBXBuildFile; fileRef = 869FA8711718DC2300D20927 /* nav44_input_bg.png */; };
		869FA8BB1718DC2300D20927 /* nav44_input_exp.png in Resources */ = {isa = PBXBuildFile; fileRef = 869FA8721718DC2300D20927 /* nav44_input_exp.png */; };
		869FA8BC1718DC2300D20927 /* nav44_input_exp@2x.png in Resources */ = {isa = PBXBuildFile; fileRef = 869FA8731718DC2300D20927 /* nav44_input_exp@2x.png */; };
		869FA8BD1718DC2300D20927 /* navbar.png in Resources */ = {isa = PBXBuildFile; fileRef = 869FA8741718DC2300D20927 /* navbar.png */; };
		869FA8BE1718DC2300D20927 /* navbar@2x.png in Resources */ = {isa = PBXBuildFile; fileRef = 869FA8751718DC2300D20927 /* navbar@2x.png */; };
		869FA8BF1718DC2300D20927 /* navibar-black copy.png in Resources */ = {isa = PBXBuildFile; fileRef = 869FA8761718DC2300D20927 /* navibar-black copy.png */; };
		869FA8C01718DC2300D20927 /* navibar-black.png in Resources */ = {isa = PBXBuildFile; fileRef = 869FA8771718DC2300D20927 /* navibar-black.png */; };
		869FA8C11718DC2300D20927 /* navibar-black@2x.png in Resources */ = {isa = PBXBuildFile; fileRef = 869FA8781718DC2300D20927 /* navibar-black@2x.png */; };
		869FA8C21718DC2300D20927 /* navibar-blue.png in Resources */ = {isa = PBXBuildFile; fileRef = 869FA8791718DC2300D20927 /* navibar-blue.png */; };
		869FA8C31718DC2300D20927 /* nearby_map_content@2x.png in Resources */ = {isa = PBXBuildFile; fileRef = 869FA87A1718DC2300D20927 /* nearby_map_content@2x.png */; };
		869FA8C41718DC2300D20927 /* redwine.png in Resources */ = {isa = PBXBuildFile; fileRef = 869FA87B1718DC2300D20927 /* redwine.png */; };
		869FA8C51718DC2300D20927 /* Search Box 1.png in Resources */ = {isa = PBXBuildFile; fileRef = 869FA87C1718DC2300D20927 /* Search Box 1.png */; };
		869FA8C61718DC2300D20927 /* Search Box 2.png in Resources */ = {isa = PBXBuildFile; fileRef = 869FA87D1718DC2300D20927 /* Search Box 2.png */; };
		869FA8C71718DC2300D20927 /* Search Box 3.png in Resources */ = {isa = PBXBuildFile; fileRef = 869FA87E1718DC2300D20927 /* Search Box 3.png */; };
		869FA8C81718DC2300D20927 /* search.png in Resources */ = {isa = PBXBuildFile; fileRef = 869FA87F1718DC2300D20927 /* search.png */; };
		869FA8C91718DC2300D20927 /* star-color.png in Resources */ = {isa = PBXBuildFile; fileRef = 869FA8801718DC2300D20927 /* star-color.png */; };
		869FA8CA1718DC2300D20927 /* star.png in Resources */ = {isa = PBXBuildFile; fileRef = 869FA8811718DC2300D20927 /* star.png */; };
		869FA8CB1718DC2300D20927 /* Status Bar (Black Semi Trans).png in Resources */ = {isa = PBXBuildFile; fileRef = 869FA8821718DC2300D20927 /* Status Bar (Black Semi Trans).png */; };
		869FA8CC1718DC2300D20927 /* club-selected.png in Resources */ = {isa = PBXBuildFile; fileRef = 869FA8841718DC2300D20927 /* club-selected.png */; };
		869FA8CD1718DC2300D20927 /* club.png in Resources */ = {isa = PBXBuildFile; fileRef = 869FA8851718DC2300D20927 /* club.png */; };
		869FA8CE1718DC2300D20927 /* event-selected.png in Resources */ = {isa = PBXBuildFile; fileRef = 869FA8861718DC2300D20927 /* event-selected.png */; };
		869FA8CF1718DC2300D20927 /* event.png in Resources */ = {isa = PBXBuildFile; fileRef = 869FA8871718DC2300D20927 /* event.png */; };
		869FA8D01718DC2300D20927 /* list-selected.png in Resources */ = {isa = PBXBuildFile; fileRef = 869FA8881718DC2300D20927 /* list-selected.png */; };
		869FA8D11718DC2300D20927 /* list.png in Resources */ = {isa = PBXBuildFile; fileRef = 869FA8891718DC2300D20927 /* list.png */; };
		869FA8D21718DC2300D20927 /* map-selected.png in Resources */ = {isa = PBXBuildFile; fileRef = 869FA88A1718DC2300D20927 /* map-selected.png */; };
		869FA8D31718DC2300D20927 /* map.png in Resources */ = {isa = PBXBuildFile; fileRef = 869FA88B1718DC2300D20927 /* map.png */; };
		869FA8D41718DC2300D20927 /* tabbar copy.png in Resources */ = {isa = PBXBuildFile; fileRef = 869FA88C1718DC2300D20927 /* tabbar copy.png */; };
		869FA8D51718DC2300D20927 /* tabbar.png in Resources */ = {isa = PBXBuildFile; fileRef = 869FA88D1718DC2300D20927 /* tabbar.png */; };
		869FA8D61718DC2300D20927 /* tabbar@2x.png in Resources */ = {isa = PBXBuildFile; fileRef = 869FA88E1718DC2300D20927 /* tabbar@2x.png */; };
		869FA8D71718DC2300D20927 /* tabbar_active_bg.png in Resources */ = {isa = PBXBuildFile; fileRef = 869FA88F1718DC2300D20927 /* tabbar_active_bg.png */; };
		869FA8D81718DC2300D20927 /* tabbar_active_bg@2x.png in Resources */ = {isa = PBXBuildFile; fileRef = 869FA8901718DC2300D20927 /* tabbar_active_bg@2x.png */; };
		869FA8D91718DC2300D20927 /* tabbar_active_bg_rounded_left.png in Resources */ = {isa = PBXBuildFile; fileRef = 869FA8911718DC2300D20927 /* tabbar_active_bg_rounded_left.png */; };
		869FA8DA1718DC2300D20927 /* tabbar_active_bg_rounded_left@2x.png in Resources */ = {isa = PBXBuildFile; fileRef = 869FA8921718DC2300D20927 /* tabbar_active_bg_rounded_left@2x.png */; };
		869FA8DB1718DC2300D20927 /* tabbar_active_bg_rounded_right.png in Resources */ = {isa = PBXBuildFile; fileRef = 869FA8931718DC2300D20927 /* tabbar_active_bg_rounded_right.png */; };
		869FA8DC1718DC2300D20927 /* tabbar_active_bg_rounded_right@2x.png in Resources */ = {isa = PBXBuildFile; fileRef = 869FA8941718DC2300D20927 /* tabbar_active_bg_rounded_right@2x.png */; };
		869FA8DD1718DC2300D20927 /* tag.png in Resources */ = {isa = PBXBuildFile; fileRef = 869FA8951718DC2300D20927 /* tag.png */; };
/* End PBXBuildFile section */

/* Begin PBXFileReference section */
		27474BB016FC1EB9006DE40B /* BarTableViewCell.h */ = {isa = PBXFileReference; fileEncoding = 4; lastKnownFileType = sourcecode.c.h; path = BarTableViewCell.h; sourceTree = "<group>"; };
		27474BB116FC1EB9006DE40B /* BarTableViewCell.m */ = {isa = PBXFileReference; fileEncoding = 4; lastKnownFileType = sourcecode.c.objc; path = BarTableViewCell.m; sourceTree = "<group>"; };
		27474BB516FC2BCC006DE40B /* Activity_indicator.png */ = {isa = PBXFileReference; lastKnownFileType = image.png; path = Activity_indicator.png; sourceTree = "<group>"; };
		276932041702A98A00D1727F /* GeoPointAnnotation.h */ = {isa = PBXFileReference; fileEncoding = 4; lastKnownFileType = sourcecode.c.h; path = GeoPointAnnotation.h; sourceTree = "<group>"; };
		276932051702A98A00D1727F /* GeoPointAnnotation.m */ = {isa = PBXFileReference; fileEncoding = 4; lastKnownFileType = sourcecode.c.objc; path = GeoPointAnnotation.m; sourceTree = "<group>"; };
		276932071702AA0E00D1727F /* MapKit.framework */ = {isa = PBXFileReference; lastKnownFileType = wrapper.framework; name = MapKit.framework; path = System/Library/Frameworks/MapKit.framework; sourceTree = SDKROOT; };
		276932091717C17A00D1727F /* MapViewTabController.h */ = {isa = PBXFileReference; fileEncoding = 4; lastKnownFileType = sourcecode.c.h; path = MapViewTabController.h; sourceTree = "<group>"; };
		2769320A1717C17A00D1727F /* MapViewTabController.m */ = {isa = PBXFileReference; fileEncoding = 4; lastKnownFileType = sourcecode.c.objc; path = MapViewTabController.m; sourceTree = "<group>"; };
		27874F3C16FABEE90072F7F6 /* ListViewTabController.h */ = {isa = PBXFileReference; fileEncoding = 4; lastKnownFileType = sourcecode.c.h; path = ListViewTabController.h; sourceTree = "<group>"; };
		27874F3D16FABEE90072F7F6 /* ListViewTabController.m */ = {isa = PBXFileReference; fileEncoding = 4; lastKnownFileType = sourcecode.c.objc; path = ListViewTabController.m; sourceTree = "<group>"; };
		27874F4616FAD2A70072F7F6 /* DetailViewController.h */ = {isa = PBXFileReference; fileEncoding = 4; lastKnownFileType = sourcecode.c.h; name = DetailViewController.h; path = ../DetailViewController.h; sourceTree = "<group>"; };
		27874F4716FAD2A70072F7F6 /* DetailViewController.m */ = {isa = PBXFileReference; fileEncoding = 4; lastKnownFileType = sourcecode.c.objc; name = DetailViewController.m; path = ../DetailViewController.m; sourceTree = "<group>"; };
		27E1C79216FA98D6006DE882 /* a2happyhour.app */ = {isa = PBXFileReference; explicitFileType = wrapper.application; includeInIndex = 0; path = a2happyhour.app; sourceTree = BUILT_PRODUCTS_DIR; };
		27E1C79516FA98D6006DE882 /* UIKit.framework */ = {isa = PBXFileReference; lastKnownFileType = wrapper.framework; name = UIKit.framework; path = System/Library/Frameworks/UIKit.framework; sourceTree = SDKROOT; };
		27E1C79716FA98D6006DE882 /* Foundation.framework */ = {isa = PBXFileReference; lastKnownFileType = wrapper.framework; name = Foundation.framework; path = System/Library/Frameworks/Foundation.framework; sourceTree = SDKROOT; };
		27E1C79916FA98D6006DE882 /* CoreGraphics.framework */ = {isa = PBXFileReference; lastKnownFileType = wrapper.framework; name = CoreGraphics.framework; path = System/Library/Frameworks/CoreGraphics.framework; sourceTree = SDKROOT; };
		27E1C79D16FA98D6006DE882 /* a2happyhour-Info.plist */ = {isa = PBXFileReference; lastKnownFileType = text.plist.xml; path = "a2happyhour-Info.plist"; sourceTree = "<group>"; };
		27E1C79F16FA98D6006DE882 /* en */ = {isa = PBXFileReference; lastKnownFileType = text.plist.strings; name = en; path = en.lproj/InfoPlist.strings; sourceTree = "<group>"; };
		27E1C7A116FA98D6006DE882 /* main.m */ = {isa = PBXFileReference; lastKnownFileType = sourcecode.c.objc; path = main.m; sourceTree = "<group>"; };
		27E1C7A316FA98D6006DE882 /* a2happyhour-Prefix.pch */ = {isa = PBXFileReference; lastKnownFileType = sourcecode.c.h; path = "a2happyhour-Prefix.pch"; sourceTree = "<group>"; };
		27E1C7A416FA98D6006DE882 /* AppDelegate.h */ = {isa = PBXFileReference; lastKnownFileType = sourcecode.c.h; path = AppDelegate.h; sourceTree = "<group>"; };
		27E1C7A516FA98D6006DE882 /* AppDelegate.m */ = {isa = PBXFileReference; lastKnownFileType = sourcecode.c.objc; path = AppDelegate.m; sourceTree = "<group>"; };
		27E1C7A716FA98D6006DE882 /* Default.png */ = {isa = PBXFileReference; lastKnownFileType = image.png; path = Default.png; sourceTree = "<group>"; };
		27E1C7A916FA98D6006DE882 /* Default@2x.png */ = {isa = PBXFileReference; lastKnownFileType = image.png; path = "Default@2x.png"; sourceTree = "<group>"; };
		27E1C7AB16FA98D6006DE882 /* Default-568h@2x.png */ = {isa = PBXFileReference; lastKnownFileType = image.png; path = "Default-568h@2x.png"; sourceTree = "<group>"; };
		27E1C7AE16FA98D6006DE882 /* en */ = {isa = PBXFileReference; lastKnownFileType = file.storyboard; name = en; path = en.lproj/MainStoryboard.storyboard; sourceTree = "<group>"; };
		27E1C7B816FA991C006DE882 /* Parse.framework */ = {isa = PBXFileReference; lastKnownFileType = wrapper.framework; path = Parse.framework; sourceTree = "<group>"; };
		27E1C7BA16FA9968006DE882 /* AudioToolbox.framework */ = {isa = PBXFileReference; lastKnownFileType = wrapper.framework; name = AudioToolbox.framework; path = System/Library/Frameworks/AudioToolbox.framework; sourceTree = SDKROOT; };
		27E1C7BC16FA996E006DE882 /* CFNetwork.framework */ = {isa = PBXFileReference; lastKnownFileType = wrapper.framework; name = CFNetwork.framework; path = System/Library/Frameworks/CFNetwork.framework; sourceTree = SDKROOT; };
		27E1C7BE16FA9989006DE882 /* CoreLocation.framework */ = {isa = PBXFileReference; lastKnownFileType = wrapper.framework; name = CoreLocation.framework; path = System/Library/Frameworks/CoreLocation.framework; sourceTree = SDKROOT; };
		27E1C7C016FA9994006DE882 /* libz.1.1.3.dylib */ = {isa = PBXFileReference; lastKnownFileType = "compiled.mach-o.dylib"; name = libz.1.1.3.dylib; path = usr/lib/libz.1.1.3.dylib; sourceTree = SDKROOT; };
		27E1C7C216FA999C006DE882 /* MobileCoreServices.framework */ = {isa = PBXFileReference; lastKnownFileType = wrapper.framework; name = MobileCoreServices.framework; path = System/Library/Frameworks/MobileCoreServices.framework; sourceTree = SDKROOT; };
		27E1C7C416FA99A6006DE882 /* QuartzCore.framework */ = {isa = PBXFileReference; lastKnownFileType = wrapper.framework; name = QuartzCore.framework; path = System/Library/Frameworks/QuartzCore.framework; sourceTree = SDKROOT; };
		27E1C7C616FA99AD006DE882 /* Security.framework */ = {isa = PBXFileReference; lastKnownFileType = wrapper.framework; name = Security.framework; path = System/Library/Frameworks/Security.framework; sourceTree = SDKROOT; };
		27E1C7C816FA99B4006DE882 /* StoreKit.framework */ = {isa = PBXFileReference; lastKnownFileType = wrapper.framework; name = StoreKit.framework; path = System/Library/Frameworks/StoreKit.framework; sourceTree = SDKROOT; };
		27E1C7CA16FA99BD006DE882 /* SystemConfiguration.framework */ = {isa = PBXFileReference; lastKnownFileType = wrapper.framework; name = SystemConfiguration.framework; path = System/Library/Frameworks/SystemConfiguration.framework; sourceTree = SDKROOT; };
		27E1C7CC16FA9B58006DE882 /* AdSupport.framework */ = {isa = PBXFileReference; lastKnownFileType = wrapper.framework; name = AdSupport.framework; path = System/Library/Frameworks/AdSupport.framework; sourceTree = SDKROOT; };
		27E1C7CE16FA9B68006DE882 /* Social.framework */ = {isa = PBXFileReference; lastKnownFileType = wrapper.framework; name = Social.framework; path = System/Library/Frameworks/Social.framework; sourceTree = SDKROOT; };
		27E1C7D016FA9B72006DE882 /* Accounts.framework */ = {isa = PBXFileReference; lastKnownFileType = wrapper.framework; name = Accounts.framework; path = System/Library/Frameworks/Accounts.framework; sourceTree = SDKROOT; };
		27E1C7D516FAA35E006DE882 /* MainTableViewController.h */ = {isa = PBXFileReference; fileEncoding = 4; lastKnownFileType = sourcecode.c.h; path = MainTableViewController.h; sourceTree = "<group>"; };
		27E1C7D616FAA35E006DE882 /* MainTableViewController.m */ = {isa = PBXFileReference; fileEncoding = 4; lastKnownFileType = sourcecode.c.objc; path = MainTableViewController.m; sourceTree = "<group>"; };
		869FA8491718D89F00D20927 /* CustomTarBarController.h */ = {isa = PBXFileReference; fileEncoding = 4; lastKnownFileType = sourcecode.c.h; path = CustomTarBarController.h; sourceTree = "<group>"; };
		869FA84A1718D89F00D20927 /* CustomTarBarController.m */ = {isa = PBXFileReference; fileEncoding = 4; lastKnownFileType = sourcecode.c.objc; path = CustomTarBarController.m; sourceTree = "<group>"; };
		869FA84D1718DC2300D20927 /* 327.jpg */ = {isa = PBXFileReference; lastKnownFileType = image.jpeg; path = 327.jpg; sourceTree = "<group>"; };
		869FA84E1718DC2300D20927 /* 327BraunCourt.jpg */ = {isa = PBXFileReference; lastKnownFileType = image.jpeg; path = 327BraunCourt.jpg; sourceTree = "<group>"; };
		869FA84F1718DC2300D20927 /* a_iconTypeBeer30@2x.png */ = {isa = PBXFileReference; lastKnownFileType = image.png; path = "a_iconTypeBeer30@2x.png"; sourceTree = "<group>"; };
		869FA8501718DC2300D20927 /* a_iconTypeDeal30@2x.png */ = {isa = PBXFileReference; lastKnownFileType = image.png; path = "a_iconTypeDeal30@2x.png"; sourceTree = "<group>"; };
		869FA8511718DC2300D20927 /* a_iconTypeFood30@2x.png */ = {isa = PBXFileReference; lastKnownFileType = image.png; path = "a_iconTypeFood30@2x.png"; sourceTree = "<group>"; };
		869FA8521718DC2300D20927 /* a_iconTypeLiquor30@2x.png */ = {isa = PBXFileReference; lastKnownFileType = image.png; path = "a_iconTypeLiquor30@2x.png"; sourceTree = "<group>"; };
		869FA8531718DC2300D20927 /* a_iconTypeMartini30@2x.png */ = {isa = PBXFileReference; lastKnownFileType = image.png; path = "a_iconTypeMartini30@2x.png"; sourceTree = "<group>"; };
		869FA8541718DC2300D20927 /* a_iconTypeWine30@2x.png */ = {isa = PBXFileReference; lastKnownFileType = image.png; path = "a_iconTypeWine30@2x.png"; sourceTree = "<group>"; };
		869FA8551718DC2300D20927 /* annotation@2x.png */ = {isa = PBXFileReference; lastKnownFileType = image.png; path = "annotation@2x.png"; sourceTree = "<group>"; };
		869FA8561718DC2300D20927 /* annotation_highlighted@2x.png */ = {isa = PBXFileReference; lastKnownFileType = image.png; path = "annotation_highlighted@2x.png"; sourceTree = "<group>"; };
		869FA8571718DC2300D20927 /* arrow.png */ = {isa = PBXFileReference; lastKnownFileType = image.png; path = arrow.png; sourceTree = "<group>"; };
		869FA8581718DC2300D20927 /* BAR LOUIE.jpg */ = {isa = PBXFileReference; lastKnownFileType = image.jpeg; path = "BAR LOUIE.jpg"; sourceTree = "<group>"; };
		869FA8591718DC2300D20927 /* BlueTractor.jpg */ = {isa = PBXFileReference; lastKnownFileType = image.jpeg; path = BlueTractor.jpg; sourceTree = "<group>"; };
		869FA85A1718DC2300D20927 /* BlueTractor.png */ = {isa = PBXFileReference; lastKnownFileType = image.png; path = BlueTractor.png; sourceTree = "<group>"; };
		869FA85B1718DC2300D20927 /* btn-back.png */ = {isa = PBXFileReference; lastKnownFileType = image.png; path = "btn-back.png"; sourceTree = "<group>"; };
		869FA85C1718DC2300D20927 /* btn-back@2x.png */ = {isa = PBXFileReference; lastKnownFileType = image.png; path = "btn-back@2x.png"; sourceTree = "<group>"; };
		869FA85D1718DC2300D20927 /* clock.png */ = {isa = PBXFileReference; lastKnownFileType = image.png; path = clock.png; sourceTree = "<group>"; };
		869FA85E1718DC2300D20927 /* club-selected.png */ = {isa = PBXFileReference; lastKnownFileType = image.png; path = "club-selected.png"; sourceTree = "<group>"; };
		869FA85F1718DC2300D20927 /* club.png */ = {isa = PBXFileReference; lastKnownFileType = image.png; path = club.png; sourceTree = "<group>"; };
		869FA8601718DC2300D20927 /* event-selected.png */ = {isa = PBXFileReference; lastKnownFileType = image.png; path = "event-selected.png"; sourceTree = "<group>"; };
		869FA8611718DC2300D20927 /* event.png */ = {isa = PBXFileReference; lastKnownFileType = image.png; path = event.png; sourceTree = "<group>"; };
		869FA8621718DC2300D20927 /* filter-bg.png */ = {isa = PBXFileReference; lastKnownFileType = image.png; path = "filter-bg.png"; sourceTree = "<group>"; };
		869FA8631718DC2300D20927 /* filterbox.png */ = {isa = PBXFileReference; lastKnownFileType = image.png; path = filterbox.png; sourceTree = "<group>"; };
		869FA8641718DC2300D20927 /* flag.png */ = {isa = PBXFileReference; lastKnownFileType = image.png; path = flag.png; sourceTree = "<group>"; };
		869FA8651718DC2300D20927 /* lightbox_header_bg.png */ = {isa = PBXFileReference; lastKnownFileType = image.png; path = lightbox_header_bg.png; sourceTree = "<group>"; };
		869FA8661718DC2300D20927 /* line.png */ = {isa = PBXFileReference; lastKnownFileType = image.png; path = line.png; sourceTree = "<group>"; };
		869FA8671718DC2300D20927 /* list-selected.png */ = {isa = PBXFileReference; lastKnownFileType = image.png; path = "list-selected.png"; sourceTree = "<group>"; };
		869FA8681718DC2300D20927 /* list.png */ = {isa = PBXFileReference; lastKnownFileType = image.png; path = list.png; sourceTree = "<group>"; };
		869FA8691718DC2300D20927 /* location@2x.png */ = {isa = PBXFileReference; lastKnownFileType = image.png; path = "location@2x.png"; sourceTree = "<group>"; };
		869FA86A1718DC2300D20927 /* map bg.png */ = {isa = PBXFileReference; lastKnownFileType = image.png; path = "map bg.png"; sourceTree = "<group>"; };
		869FA86B1718DC2300D20927 /* map copy.png */ = {isa = PBXFileReference; lastKnownFileType = image.png; path = "map copy.png"; sourceTree = "<group>"; };
		869FA86C1718DC2300D20927 /* map-btn-bg@2x.png */ = {isa = PBXFileReference; lastKnownFileType = image.png; path = "map-btn-bg@2x.png"; sourceTree = "<group>"; };
		869FA86D1718DC2300D20927 /* map-selected.png */ = {isa = PBXFileReference; lastKnownFileType = image.png; path = "map-selected.png"; sourceTree = "<group>"; };
		869FA86E1718DC2300D20927 /* map.png */ = {isa = PBXFileReference; lastKnownFileType = image.png; path = map.png; sourceTree = "<group>"; };
		869FA86F1718DC2300D20927 /* nav44_input.png */ = {isa = PBXFileReference; lastKnownFileType = image.png; path = nav44_input.png; sourceTree = "<group>"; };
		869FA8701718DC2300D20927 /* nav44_input@2x.png */ = {isa = PBXFileReference; lastKnownFileType = image.png; path = "nav44_input@2x.png"; sourceTree = "<group>"; };
		869FA8711718DC2300D20927 /* nav44_input_bg.png */ = {isa = PBXFileReference; lastKnownFileType = image.png; path = nav44_input_bg.png; sourceTree = "<group>"; };
		869FA8721718DC2300D20927 /* nav44_input_exp.png */ = {isa = PBXFileReference; lastKnownFileType = image.png; path = nav44_input_exp.png; sourceTree = "<group>"; };
		869FA8731718DC2300D20927 /* nav44_input_exp@2x.png */ = {isa = PBXFileReference; lastKnownFileType = image.png; path = "nav44_input_exp@2x.png"; sourceTree = "<group>"; };
		869FA8741718DC2300D20927 /* navbar.png */ = {isa = PBXFileReference; lastKnownFileType = image.png; path = navbar.png; sourceTree = "<group>"; };
		869FA8751718DC2300D20927 /* navbar@2x.png */ = {isa = PBXFileReference; lastKnownFileType = image.png; path = "navbar@2x.png"; sourceTree = "<group>"; };
		869FA8761718DC2300D20927 /* navibar-black copy.png */ = {isa = PBXFileReference; lastKnownFileType = image.png; path = "navibar-black copy.png"; sourceTree = "<group>"; };
		869FA8771718DC2300D20927 /* navibar-black.png */ = {isa = PBXFileReference; lastKnownFileType = image.png; path = "navibar-black.png"; sourceTree = "<group>"; };
		869FA8781718DC2300D20927 /* navibar-black@2x.png */ = {isa = PBXFileReference; lastKnownFileType = image.png; path = "navibar-black@2x.png"; sourceTree = "<group>"; };
		869FA8791718DC2300D20927 /* navibar-blue.png */ = {isa = PBXFileReference; lastKnownFileType = image.png; path = "navibar-blue.png"; sourceTree = "<group>"; };
		869FA87A1718DC2300D20927 /* nearby_map_content@2x.png */ = {isa = PBXFileReference; lastKnownFileType = image.png; path = "nearby_map_content@2x.png"; sourceTree = "<group>"; };
		869FA87B1718DC2300D20927 /* redwine.png */ = {isa = PBXFileReference; lastKnownFileType = image.png; path = redwine.png; sourceTree = "<group>"; };
		869FA87C1718DC2300D20927 /* Search Box 1.png */ = {isa = PBXFileReference; lastKnownFileType = image.png; path = "Search Box 1.png"; sourceTree = "<group>"; };
		869FA87D1718DC2300D20927 /* Search Box 2.png */ = {isa = PBXFileReference; lastKnownFileType = image.png; path = "Search Box 2.png"; sourceTree = "<group>"; };
		869FA87E1718DC2300D20927 /* Search Box 3.png */ = {isa = PBXFileReference; lastKnownFileType = image.png; path = "Search Box 3.png"; sourceTree = "<group>"; };
		869FA87F1718DC2300D20927 /* search.png */ = {isa = PBXFileReference; lastKnownFileType = image.png; path = search.png; sourceTree = "<group>"; };
		869FA8801718DC2300D20927 /* star-color.png */ = {isa = PBXFileReference; lastKnownFileType = image.png; path = "star-color.png"; sourceTree = "<group>"; };
		869FA8811718DC2300D20927 /* star.png */ = {isa = PBXFileReference; lastKnownFileType = image.png; path = star.png; sourceTree = "<group>"; };
		869FA8821718DC2300D20927 /* Status Bar (Black Semi Trans).png */ = {isa = PBXFileReference; lastKnownFileType = image.png; path = "Status Bar (Black Semi Trans).png"; sourceTree = "<group>"; };
		869FA8841718DC2300D20927 /* club-selected.png */ = {isa = PBXFileReference; lastKnownFileType = image.png; path = "club-selected.png"; sourceTree = "<group>"; };
		869FA8851718DC2300D20927 /* club.png */ = {isa = PBXFileReference; lastKnownFileType = image.png; path = club.png; sourceTree = "<group>"; };
		869FA8861718DC2300D20927 /* event-selected.png */ = {isa = PBXFileReference; lastKnownFileType = image.png; path = "event-selected.png"; sourceTree = "<group>"; };
		869FA8871718DC2300D20927 /* event.png */ = {isa = PBXFileReference; lastKnownFileType = image.png; path = event.png; sourceTree = "<group>"; };
		869FA8881718DC2300D20927 /* list-selected.png */ = {isa = PBXFileReference; lastKnownFileType = image.png; path = "list-selected.png"; sourceTree = "<group>"; };
		869FA8891718DC2300D20927 /* list.png */ = {isa = PBXFileReference; lastKnownFileType = image.png; path = list.png; sourceTree = "<group>"; };
		869FA88A1718DC2300D20927 /* map-selected.png */ = {isa = PBXFileReference; lastKnownFileType = image.png; path = "map-selected.png"; sourceTree = "<group>"; };
		869FA88B1718DC2300D20927 /* map.png */ = {isa = PBXFileReference; lastKnownFileType = image.png; path = map.png; sourceTree = "<group>"; };
		869FA88C1718DC2300D20927 /* tabbar copy.png */ = {isa = PBXFileReference; lastKnownFileType = image.png; path = "tabbar copy.png"; sourceTree = "<group>"; };
		869FA88D1718DC2300D20927 /* tabbar.png */ = {isa = PBXFileReference; lastKnownFileType = image.png; path = tabbar.png; sourceTree = "<group>"; };
		869FA88E1718DC2300D20927 /* tabbar@2x.png */ = {isa = PBXFileReference; lastKnownFileType = image.png; path = "tabbar@2x.png"; sourceTree = "<group>"; };
		869FA88F1718DC2300D20927 /* tabbar_active_bg.png */ = {isa = PBXFileReference; lastKnownFileType = image.png; path = tabbar_active_bg.png; sourceTree = "<group>"; };
		869FA8901718DC2300D20927 /* tabbar_active_bg@2x.png */ = {isa = PBXFileReference; lastKnownFileType = image.png; path = "tabbar_active_bg@2x.png"; sourceTree = "<group>"; };
		869FA8911718DC2300D20927 /* tabbar_active_bg_rounded_left.png */ = {isa = PBXFileReference; lastKnownFileType = image.png; path = tabbar_active_bg_rounded_left.png; sourceTree = "<group>"; };
		869FA8921718DC2300D20927 /* tabbar_active_bg_rounded_left@2x.png */ = {isa = PBXFileReference; lastKnownFileType = image.png; path = "tabbar_active_bg_rounded_left@2x.png"; sourceTree = "<group>"; };
		869FA8931718DC2300D20927 /* tabbar_active_bg_rounded_right.png */ = {isa = PBXFileReference; lastKnownFileType = image.png; path = tabbar_active_bg_rounded_right.png; sourceTree = "<group>"; };
		869FA8941718DC2300D20927 /* tabbar_active_bg_rounded_right@2x.png */ = {isa = PBXFileReference; lastKnownFileType = image.png; path = "tabbar_active_bg_rounded_right@2x.png"; sourceTree = "<group>"; };
		869FA8951718DC2300D20927 /* tag.png */ = {isa = PBXFileReference; lastKnownFileType = image.png; path = tag.png; sourceTree = "<group>"; };
/* End PBXFileReference section */

/* Begin PBXFrameworksBuildPhase section */
		27E1C78F16FA98D6006DE882 /* Frameworks */ = {
			isa = PBXFrameworksBuildPhase;
			buildActionMask = 2147483647;
			files = (
				276932081702AA0E00D1727F /* MapKit.framework in Frameworks */,
				27E1C7D116FA9B72006DE882 /* Accounts.framework in Frameworks */,
				27E1C7CF16FA9B68006DE882 /* Social.framework in Frameworks */,
				27E1C7CD16FA9B58006DE882 /* AdSupport.framework in Frameworks */,
				27E1C7CB16FA99BD006DE882 /* SystemConfiguration.framework in Frameworks */,
				27E1C7C916FA99B4006DE882 /* StoreKit.framework in Frameworks */,
				27E1C7C716FA99AD006DE882 /* Security.framework in Frameworks */,
				27E1C7C516FA99A6006DE882 /* QuartzCore.framework in Frameworks */,
				27E1C7C316FA999C006DE882 /* MobileCoreServices.framework in Frameworks */,
				27E1C7C116FA9994006DE882 /* libz.1.1.3.dylib in Frameworks */,
				27E1C7BF16FA9989006DE882 /* CoreLocation.framework in Frameworks */,
				27E1C79A16FA98D6006DE882 /* CoreGraphics.framework in Frameworks */,
				27E1C7BD16FA996E006DE882 /* CFNetwork.framework in Frameworks */,
				27E1C7BB16FA9968006DE882 /* AudioToolbox.framework in Frameworks */,
				27E1C79616FA98D6006DE882 /* UIKit.framework in Frameworks */,
				27E1C79816FA98D6006DE882 /* Foundation.framework in Frameworks */,
				27E1C7B916FA991C006DE882 /* Parse.framework in Frameworks */,
			);
			runOnlyForDeploymentPostprocessing = 0;
		};
/* End PBXFrameworksBuildPhase section */

/* Begin PBXGroup section */
		27E1C78916FA98D6006DE882 = {
			isa = PBXGroup;
			children = (
				27E1C79B16FA98D6006DE882 /* a2happyhour */,
				27E1C79416FA98D6006DE882 /* Frameworks */,
				27E1C79316FA98D6006DE882 /* Products */,
			);
			sourceTree = "<group>";
		};
		27E1C79316FA98D6006DE882 /* Products */ = {
			isa = PBXGroup;
			children = (
				27E1C79216FA98D6006DE882 /* a2happyhour.app */,
			);
			name = Products;
			sourceTree = "<group>";
		};
		27E1C79416FA98D6006DE882 /* Frameworks */ = {
			isa = PBXGroup;
			children = (
				276932071702AA0E00D1727F /* MapKit.framework */,
				27E1C7D016FA9B72006DE882 /* Accounts.framework */,
				27E1C7CE16FA9B68006DE882 /* Social.framework */,
				27E1C7CC16FA9B58006DE882 /* AdSupport.framework */,
				27E1C7CA16FA99BD006DE882 /* SystemConfiguration.framework */,
				27E1C7C816FA99B4006DE882 /* StoreKit.framework */,
				27E1C7C616FA99AD006DE882 /* Security.framework */,
				27E1C7C416FA99A6006DE882 /* QuartzCore.framework */,
				27E1C7C216FA999C006DE882 /* MobileCoreServices.framework */,
				27E1C7C016FA9994006DE882 /* libz.1.1.3.dylib */,
				27E1C7BE16FA9989006DE882 /* CoreLocation.framework */,
				27E1C7BC16FA996E006DE882 /* CFNetwork.framework */,
				27E1C7BA16FA9968006DE882 /* AudioToolbox.framework */,
				27E1C7B816FA991C006DE882 /* Parse.framework */,
				27E1C79516FA98D6006DE882 /* UIKit.framework */,
				27E1C79716FA98D6006DE882 /* Foundation.framework */,
				27E1C79916FA98D6006DE882 /* CoreGraphics.framework */,
			);
			name = Frameworks;
			sourceTree = "<group>";
		};
		27E1C79B16FA98D6006DE882 /* a2happyhour */ = {
			isa = PBXGroup;
			children = (
				869FA8491718D89F00D20927 /* CustomTarBarController.h */,
				869FA84A1718D89F00D20927 /* CustomTarBarController.m */,
				27E1C7A416FA98D6006DE882 /* AppDelegate.h */,
				27E1C7A516FA98D6006DE882 /* AppDelegate.m */,
				27E1C7AD16FA98D6006DE882 /* MainStoryboard.storyboard */,
				276932091717C17A00D1727F /* MapViewTabController.h */,
				2769320A1717C17A00D1727F /* MapViewTabController.m */,
				27474BB016FC1EB9006DE40B /* BarTableViewCell.h */,
				27474BB116FC1EB9006DE40B /* BarTableViewCell.m */,
				276932041702A98A00D1727F /* GeoPointAnnotation.h */,
				276932051702A98A00D1727F /* GeoPointAnnotation.m */,
				27874F3C16FABEE90072F7F6 /* ListViewTabController.h */,
				27874F3D16FABEE90072F7F6 /* ListViewTabController.m */,
				27E1C7D516FAA35E006DE882 /* MainTableViewController.h */,
				27E1C7D616FAA35E006DE882 /* MainTableViewController.m */,
				27874F4616FAD2A70072F7F6 /* DetailViewController.h */,
				27874F4716FAD2A70072F7F6 /* DetailViewController.m */,
				27E1C79C16FA98D6006DE882 /* Supporting Files */,
			);
			path = a2happyhour;
			sourceTree = "<group>";
		};
		27E1C79C16FA98D6006DE882 /* Supporting Files */ = {
			isa = PBXGroup;
			children = (
				869FA84C1718DC2300D20927 /* Library */,
				27E1C79D16FA98D6006DE882 /* a2happyhour-Info.plist */,
				27474BB516FC2BCC006DE40B /* Activity_indicator.png */,
				27E1C79E16FA98D6006DE882 /* InfoPlist.strings */,
				27E1C7A116FA98D6006DE882 /* main.m */,
				27E1C7A316FA98D6006DE882 /* a2happyhour-Prefix.pch */,
				27E1C7A716FA98D6006DE882 /* Default.png */,
				27E1C7A916FA98D6006DE882 /* Default@2x.png */,
				27E1C7AB16FA98D6006DE882 /* Default-568h@2x.png */,
			);
			name = "Supporting Files";
			sourceTree = "<group>";
		};
		869FA84C1718DC2300D20927 /* Library */ = {
			isa = PBXGroup;
			children = (
				869FA84D1718DC2300D20927 /* 327.jpg */,
				869FA84E1718DC2300D20927 /* 327BraunCourt.jpg */,
				869FA84F1718DC2300D20927 /* a_iconTypeBeer30@2x.png */,
				869FA8501718DC2300D20927 /* a_iconTypeDeal30@2x.png */,
				869FA8511718DC2300D20927 /* a_iconTypeFood30@2x.png */,
				869FA8521718DC2300D20927 /* a_iconTypeLiquor30@2x.png */,
				869FA8531718DC2300D20927 /* a_iconTypeMartini30@2x.png */,
				869FA8541718DC2300D20927 /* a_iconTypeWine30@2x.png */,
				869FA8551718DC2300D20927 /* annotation@2x.png */,
				869FA8561718DC2300D20927 /* annotation_highlighted@2x.png */,
				869FA8571718DC2300D20927 /* arrow.png */,
				869FA8581718DC2300D20927 /* BAR LOUIE.jpg */,
				869FA8591718DC2300D20927 /* BlueTractor.jpg */,
				869FA85A1718DC2300D20927 /* BlueTractor.png */,
				869FA85B1718DC2300D20927 /* btn-back.png */,
				869FA85C1718DC2300D20927 /* btn-back@2x.png */,
				869FA85D1718DC2300D20927 /* clock.png */,
				869FA85E1718DC2300D20927 /* club-selected.png */,
				869FA85F1718DC2300D20927 /* club.png */,
				869FA8601718DC2300D20927 /* event-selected.png */,
				869FA8611718DC2300D20927 /* event.png */,
				869FA8621718DC2300D20927 /* filter-bg.png */,
				869FA8631718DC2300D20927 /* filterbox.png */,
				869FA8641718DC2300D20927 /* flag.png */,
				869FA8651718DC2300D20927 /* lightbox_header_bg.png */,
				869FA8661718DC2300D20927 /* line.png */,
				869FA8671718DC2300D20927 /* list-selected.png */,
				869FA8681718DC2300D20927 /* list.png */,
				869FA8691718DC2300D20927 /* location@2x.png */,
				869FA86A1718DC2300D20927 /* map bg.png */,
				869FA86B1718DC2300D20927 /* map copy.png */,
				869FA86C1718DC2300D20927 /* map-btn-bg@2x.png */,
				869FA86D1718DC2300D20927 /* map-selected.png */,
				869FA86E1718DC2300D20927 /* map.png */,
				869FA86F1718DC2300D20927 /* nav44_input.png */,
				869FA8701718DC2300D20927 /* nav44_input@2x.png */,
				869FA8711718DC2300D20927 /* nav44_input_bg.png */,
				869FA8721718DC2300D20927 /* nav44_input_exp.png */,
				869FA8731718DC2300D20927 /* nav44_input_exp@2x.png */,
				869FA8741718DC2300D20927 /* navbar.png */,
				869FA8751718DC2300D20927 /* navbar@2x.png */,
				869FA8761718DC2300D20927 /* navibar-black copy.png */,
				869FA8771718DC2300D20927 /* navibar-black.png */,
				869FA8781718DC2300D20927 /* navibar-black@2x.png */,
				869FA8791718DC2300D20927 /* navibar-blue.png */,
				869FA87A1718DC2300D20927 /* nearby_map_content@2x.png */,
				869FA87B1718DC2300D20927 /* redwine.png */,
				869FA87C1718DC2300D20927 /* Search Box 1.png */,
				869FA87D1718DC2300D20927 /* Search Box 2.png */,
				869FA87E1718DC2300D20927 /* Search Box 3.png */,
				869FA87F1718DC2300D20927 /* search.png */,
				869FA8801718DC2300D20927 /* star-color.png */,
				869FA8811718DC2300D20927 /* star.png */,
				869FA8821718DC2300D20927 /* Status Bar (Black Semi Trans).png */,
				869FA8831718DC2300D20927 /* tab icon */,
				869FA88C1718DC2300D20927 /* tabbar copy.png */,
				869FA88D1718DC2300D20927 /* tabbar.png */,
				869FA88E1718DC2300D20927 /* tabbar@2x.png */,
				869FA88F1718DC2300D20927 /* tabbar_active_bg.png */,
				869FA8901718DC2300D20927 /* tabbar_active_bg@2x.png */,
				869FA8911718DC2300D20927 /* tabbar_active_bg_rounded_left.png */,
				869FA8921718DC2300D20927 /* tabbar_active_bg_rounded_left@2x.png */,
				869FA8931718DC2300D20927 /* tabbar_active_bg_rounded_right.png */,
				869FA8941718DC2300D20927 /* tabbar_active_bg_rounded_right@2x.png */,
				869FA8951718DC2300D20927 /* tag.png */,
			);
			path = Library;
			sourceTree = "<group>";
		};
		869FA8831718DC2300D20927 /* tab icon */ = {
			isa = PBXGroup;
			children = (
				869FA8841718DC2300D20927 /* club-selected.png */,
				869FA8851718DC2300D20927 /* club.png */,
				869FA8861718DC2300D20927 /* event-selected.png */,
				869FA8871718DC2300D20927 /* event.png */,
				869FA8881718DC2300D20927 /* list-selected.png */,
				869FA8891718DC2300D20927 /* list.png */,
				869FA88A1718DC2300D20927 /* map-selected.png */,
				869FA88B1718DC2300D20927 /* map.png */,
			);
			path = "tab icon";
			sourceTree = "<group>";
		};
/* End PBXGroup section */

/* Begin PBXNativeTarget section */
		27E1C79116FA98D6006DE882 /* a2happyhour */ = {
			isa = PBXNativeTarget;
			buildConfigurationList = 27E1C7B516FA98D6006DE882 /* Build configuration list for PBXNativeTarget "a2happyhour" */;
			buildPhases = (
				27E1C78E16FA98D6006DE882 /* Sources */,
				27E1C78F16FA98D6006DE882 /* Frameworks */,
				27E1C79016FA98D6006DE882 /* Resources */,
			);
			buildRules = (
			);
			dependencies = (
			);
			name = a2happyhour;
			productName = a2happyhour;
			productReference = 27E1C79216FA98D6006DE882 /* a2happyhour.app */;
			productType = "com.apple.product-type.application";
		};
/* End PBXNativeTarget section */

/* Begin PBXProject section */
		27E1C78A16FA98D6006DE882 /* Project object */ = {
			isa = PBXProject;
			attributes = {
				LastUpgradeCheck = 0460;
				ORGANIZATIONNAME = "William Zhang";
			};
			buildConfigurationList = 27E1C78D16FA98D6006DE882 /* Build configuration list for PBXProject "a2happyhour" */;
			compatibilityVersion = "Xcode 3.2";
			developmentRegion = English;
			hasScannedForEncodings = 0;
			knownRegions = (
				en,
			);
			mainGroup = 27E1C78916FA98D6006DE882;
			productRefGroup = 27E1C79316FA98D6006DE882 /* Products */;
			projectDirPath = "";
			projectRoot = "";
			targets = (
				27E1C79116FA98D6006DE882 /* a2happyhour */,
			);
		};
/* End PBXProject section */

/* Begin PBXResourcesBuildPhase section */
		27E1C79016FA98D6006DE882 /* Resources */ = {
			isa = PBXResourcesBuildPhase;
			buildActionMask = 2147483647;
			files = (
				27E1C7A016FA98D6006DE882 /* InfoPlist.strings in Resources */,
				27E1C7A816FA98D6006DE882 /* Default.png in Resources */,
				27E1C7AA16FA98D6006DE882 /* Default@2x.png in Resources */,
				27E1C7AC16FA98D6006DE882 /* Default-568h@2x.png in Resources */,
				27E1C7AF16FA98D6006DE882 /* MainStoryboard.storyboard in Resources */,
				27474BB616FC2BCC006DE40B /* Activity_indicator.png in Resources */,
				869FA8961718DC2300D20927 /* 327.jpg in Resources */,
				869FA8971718DC2300D20927 /* 327BraunCourt.jpg in Resources */,
				869FA8981718DC2300D20927 /* a_iconTypeBeer30@2x.png in Resources */,
				869FA8991718DC2300D20927 /* a_iconTypeDeal30@2x.png in Resources */,
				869FA89A1718DC2300D20927 /* a_iconTypeFood30@2x.png in Resources */,
				869FA89B1718DC2300D20927 /* a_iconTypeLiquor30@2x.png in Resources */,
				869FA89C1718DC2300D20927 /* a_iconTypeMartini30@2x.png in Resources */,
				869FA89D1718DC2300D20927 /* a_iconTypeWine30@2x.png in Resources */,
				869FA89E1718DC2300D20927 /* annotation@2x.png in Resources */,
				869FA89F1718DC2300D20927 /* annotation_highlighted@2x.png in Resources */,
				869FA8A01718DC2300D20927 /* arrow.png in Resources */,
				869FA8A11718DC2300D20927 /* BAR LOUIE.jpg in Resources */,
				869FA8A21718DC2300D20927 /* BlueTractor.jpg in Resources */,
				869FA8A31718DC2300D20927 /* BlueTractor.png in Resources */,
				869FA8A41718DC2300D20927 /* btn-back.png in Resources */,
				869FA8A51718DC2300D20927 /* btn-back@2x.png in Resources */,
				869FA8A61718DC2300D20927 /* clock.png in Resources */,
				869FA8A71718DC2300D20927 /* club-selected.png in Resources */,
				869FA8A81718DC2300D20927 /* club.png in Resources */,
				869FA8A91718DC2300D20927 /* event-selected.png in Resources */,
				869FA8AA1718DC2300D20927 /* event.png in Resources */,
				869FA8AB1718DC2300D20927 /* filter-bg.png in Resources */,
				869FA8AC1718DC2300D20927 /* filterbox.png in Resources */,
				869FA8AD1718DC2300D20927 /* flag.png in Resources */,
				869FA8AE1718DC2300D20927 /* lightbox_header_bg.png in Resources */,
				869FA8AF1718DC2300D20927 /* line.png in Resources */,
				869FA8B01718DC2300D20927 /* list-selected.png in Resources */,
				869FA8B11718DC2300D20927 /* list.png in Resources */,
				869FA8B21718DC2300D20927 /* location@2x.png in Resources */,
				869FA8B31718DC2300D20927 /* map bg.png in Resources */,
				869FA8B41718DC2300D20927 /* map copy.png in Resources */,
				869FA8B51718DC2300D20927 /* map-btn-bg@2x.png in Resources */,
				869FA8B61718DC2300D20927 /* map-selected.png in Resources */,
				869FA8B71718DC2300D20927 /* map.png in Resources */,
				869FA8B81718DC2300D20927 /* nav44_input.png in Resources */,
				869FA8B91718DC2300D20927 /* nav44_input@2x.png in Resources */,
				869FA8BA1718DC2300D20927 /* nav44_input_bg.png in Resources */,
				869FA8BB1718DC2300D20927 /* nav44_input_exp.png in Resources */,
				869FA8BC1718DC2300D20927 /* nav44_input_exp@2x.png in Resources */,
				869FA8BD1718DC2300D20927 /* navbar.png in Resources */,
				869FA8BE1718DC2300D20927 /* navbar@2x.png in Resources */,
				869FA8BF1718DC2300D20927 /* navibar-black copy.png in Resources */,
				869FA8C01718DC2300D20927 /* navibar-black.png in Resources */,
				869FA8C11718DC2300D20927 /* navibar-black@2x.png in Resources */,
				869FA8C21718DC2300D20927 /* navibar-blue.png in Resources */,
				869FA8C31718DC2300D20927 /* nearby_map_content@2x.png in Resources */,
				869FA8C41718DC2300D20927 /* redwine.png in Resources */,
				869FA8C51718DC2300D20927 /* Search Box 1.png in Resources */,
				869FA8C61718DC2300D20927 /* Search Box 2.png in Resources */,
				869FA8C71718DC2300D20927 /* Search Box 3.png in Resources */,
				869FA8C81718DC2300D20927 /* search.png in Resources */,
				869FA8C91718DC2300D20927 /* star-color.png in Resources */,
				869FA8CA1718DC2300D20927 /* star.png in Resources */,
				869FA8CB1718DC2300D20927 /* Status Bar (Black Semi Trans).png in Resources */,
				869FA8CC1718DC2300D20927 /* club-selected.png in Resources */,
				869FA8CD1718DC2300D20927 /* club.png in Resources */,
				869FA8CE1718DC2300D20927 /* event-selected.png in Resources */,
				869FA8CF1718DC2300D20927 /* event.png in Resources */,
				869FA8D01718DC2300D20927 /* list-selected.png in Resources */,
				869FA8D11718DC2300D20927 /* list.png in Resources */,
				869FA8D21718DC2300D20927 /* map-selected.png in Resources */,
				869FA8D31718DC2300D20927 /* map.png in Resources */,
				869FA8D41718DC2300D20927 /* tabbar copy.png in Resources */,
				869FA8D51718DC2300D20927 /* tabbar.png in Resources */,
				869FA8D61718DC2300D20927 /* tabbar@2x.png in Resources */,
				869FA8D71718DC2300D20927 /* tabbar_active_bg.png in Resources */,
				869FA8D81718DC2300D20927 /* tabbar_active_bg@2x.png in Resources */,
				869FA8D91718DC2300D20927 /* tabbar_active_bg_rounded_left.png in Resources */,
				869FA8DA1718DC2300D20927 /* tabbar_active_bg_rounded_left@2x.png in Resources */,
				869FA8DB1718DC2300D20927 /* tabbar_active_bg_rounded_right.png in Resources */,
				869FA8DC1718DC2300D20927 /* tabbar_active_bg_rounded_right@2x.png in Resources */,
				869FA8DD1718DC2300D20927 /* tag.png in Resources */,
			);
			runOnlyForDeploymentPostprocessing = 0;
		};
/* End PBXResourcesBuildPhase section */

/* Begin PBXSourcesBuildPhase section */
		27E1C78E16FA98D6006DE882 /* Sources */ = {
			isa = PBXSourcesBuildPhase;
			buildActionMask = 2147483647;
			files = (
				27E1C7A216FA98D6006DE882 /* main.m in Sources */,
				27E1C7A616FA98D6006DE882 /* AppDelegate.m in Sources */,
				27E1C7D716FAA35E006DE882 /* MainTableViewController.m in Sources */,
				27874F3E16FABEEA0072F7F6 /* ListViewTabController.m in Sources */,
				27874F4816FAD2A70072F7F6 /* DetailViewController.m in Sources */,
				27474BB216FC1EB9006DE40B /* BarTableViewCell.m in Sources */,
				276932061702A98A00D1727F /* GeoPointAnnotation.m in Sources */,
				2769320B1717C17A00D1727F /* MapViewTabController.m in Sources */,
				869FA84B1718D89F00D20927 /* CustomTarBarController.m in Sources */,
			);
			runOnlyForDeploymentPostprocessing = 0;
		};
/* End PBXSourcesBuildPhase section */

/* Begin PBXVariantGroup section */
		27E1C79E16FA98D6006DE882 /* InfoPlist.strings */ = {
			isa = PBXVariantGroup;
			children = (
				27E1C79F16FA98D6006DE882 /* en */,
			);
			name = InfoPlist.strings;
			sourceTree = "<group>";
		};
		27E1C7AD16FA98D6006DE882 /* MainStoryboard.storyboard */ = {
			isa = PBXVariantGroup;
			children = (
				27E1C7AE16FA98D6006DE882 /* en */,
			);
			name = MainStoryboard.storyboard;
			sourceTree = "<group>";
		};
/* End PBXVariantGroup section */

/* Begin XCBuildConfiguration section */
		27E1C7B316FA98D6006DE882 /* Debug */ = {
			isa = XCBuildConfiguration;
			buildSettings = {
				ALWAYS_SEARCH_USER_PATHS = NO;
				CLANG_CXX_LANGUAGE_STANDARD = "gnu++0x";
				CLANG_CXX_LIBRARY = "libc++";
				CLANG_ENABLE_OBJC_ARC = YES;
				CLANG_WARN_CONSTANT_CONVERSION = YES;
				CLANG_WARN_EMPTY_BODY = YES;
				CLANG_WARN_ENUM_CONVERSION = YES;
				CLANG_WARN_INT_CONVERSION = YES;
				CLANG_WARN__DUPLICATE_METHOD_MATCH = YES;
				"CODE_SIGN_IDENTITY[sdk=iphoneos*]" = "iPhone Developer";
				COPY_PHASE_STRIP = NO;
				GCC_C_LANGUAGE_STANDARD = gnu99;
				GCC_DYNAMIC_NO_PIC = NO;
				GCC_OPTIMIZATION_LEVEL = 0;
				GCC_PREPROCESSOR_DEFINITIONS = (
					"DEBUG=1",
					"$(inherited)",
				);
				GCC_SYMBOLS_PRIVATE_EXTERN = NO;
				GCC_WARN_ABOUT_RETURN_TYPE = YES;
				GCC_WARN_UNINITIALIZED_AUTOS = YES;
				GCC_WARN_UNUSED_VARIABLE = YES;
				IPHONEOS_DEPLOYMENT_TARGET = 6.1;
				ONLY_ACTIVE_ARCH = YES;
				SDKROOT = iphoneos;
			};
			name = Debug;
		};
		27E1C7B416FA98D6006DE882 /* Release */ = {
			isa = XCBuildConfiguration;
			buildSettings = {
				ALWAYS_SEARCH_USER_PATHS = NO;
				CLANG_CXX_LANGUAGE_STANDARD = "gnu++0x";
				CLANG_CXX_LIBRARY = "libc++";
				CLANG_ENABLE_OBJC_ARC = YES;
				CLANG_WARN_CONSTANT_CONVERSION = YES;
				CLANG_WARN_EMPTY_BODY = YES;
				CLANG_WARN_ENUM_CONVERSION = YES;
				CLANG_WARN_INT_CONVERSION = YES;
				CLANG_WARN__DUPLICATE_METHOD_MATCH = YES;
				"CODE_SIGN_IDENTITY[sdk=iphoneos*]" = "iPhone Developer";
				COPY_PHASE_STRIP = YES;
				GCC_C_LANGUAGE_STANDARD = gnu99;
				GCC_WARN_ABOUT_RETURN_TYPE = YES;
				GCC_WARN_UNINITIALIZED_AUTOS = YES;
				GCC_WARN_UNUSED_VARIABLE = YES;
				IPHONEOS_DEPLOYMENT_TARGET = 6.1;
				OTHER_CFLAGS = "-DNS_BLOCK_ASSERTIONS=1";
				SDKROOT = iphoneos;
				VALIDATE_PRODUCT = YES;
			};
			name = Release;
		};
		27E1C7B616FA98D6006DE882 /* Debug */ = {
			isa = XCBuildConfiguration;
			buildSettings = {
				FRAMEWORK_SEARCH_PATHS = (
					"$(inherited)",
					"\"$(SRCROOT)\"",
				);
				GCC_PRECOMPILE_PREFIX_HEADER = YES;
				GCC_PREFIX_HEADER = "a2happyhour/a2happyhour-Prefix.pch";
				INFOPLIST_FILE = "a2happyhour/a2happyhour-Info.plist";
				PRODUCT_NAME = "$(TARGET_NAME)";
				WRAPPER_EXTENSION = app;
			};
			name = Debug;
		};
		27E1C7B716FA98D6006DE882 /* Release */ = {
			isa = XCBuildConfiguration;
			buildSettings = {
				FRAMEWORK_SEARCH_PATHS = (
					"$(inherited)",
					"\"$(SRCROOT)\"",
				);
				GCC_PRECOMPILE_PREFIX_HEADER = YES;
				GCC_PREFIX_HEADER = "a2happyhour/a2happyhour-Prefix.pch";
				INFOPLIST_FILE = "a2happyhour/a2happyhour-Info.plist";
				PRODUCT_NAME = "$(TARGET_NAME)";
				WRAPPER_EXTENSION = app;
			};
			name = Release;
		};
/* End XCBuildConfiguration section */

/* Begin XCConfigurationList section */
		27E1C78D16FA98D6006DE882 /* Build configuration list for PBXProject "a2happyhour" */ = {
			isa = XCConfigurationList;
			buildConfigurations = (
				27E1C7B316FA98D6006DE882 /* Debug */,
				27E1C7B416FA98D6006DE882 /* Release */,
			);
			defaultConfigurationIsVisible = 0;
			defaultConfigurationName = Release;
		};
		27E1C7B516FA98D6006DE882 /* Build configuration list for PBXNativeTarget "a2happyhour" */ = {
			isa = XCConfigurationList;
			buildConfigurations = (
				27E1C7B616FA98D6006DE882 /* Debug */,
				27E1C7B716FA98D6006DE882 /* Release */,
			);
			defaultConfigurationIsVisible = 0;
			defaultConfigurationName = Release;
		};
/* End XCConfigurationList section */
	};
	rootObject = 27E1C78A16FA98D6006DE882 /* Project object */;
}
